
Microsoft Visual Studio Solution File, Format Version 12.00
# Visual Studio Version 16
VisualStudioVersion = 16.0.32802.440
MinimumVisualStudioVersion = 10.0.40219.1
Project("{FAE04EC0-301F-11D3-BF4B-00C04F79EFBC}") = "AwesomeApp.Android", "AwesomeApp.Android\AwesomeApp.Android.csproj", "{6B3A3C82-34A1-46C9-B52A-024F969FA2F6}"
EndProject
Project("{FAE04EC0-301F-11D3-BF4B-00C04F79EFBC}") = "AwesomeApp.iOS", "AwesomeApp.iOS\AwesomeApp.iOS.csproj", "{30613929-FCD5-4493-90ED-F955E519BB0C}"
EndProject
Project("{FAE04EC0-301F-11D3-BF4B-00C04F79EFBC}") = "AwesomeApp", "AwesomeApp\AwesomeApp.csproj", "{1A33BF3A-DC56-4652-A00B-20D5F1B3F31C}"
EndProject
Global
	GlobalSection(SolutionConfigurationPlatforms) = preSolution
		Debug|Any CPU = Debug|Any CPU
		Debug|iPhone = Debug|iPhone
		Debug|iPhoneSimulator = Debug|iPhoneSimulator
		Release|Any CPU = Release|Any CPU
		Release|iPhone = Release|iPhone
		Release|iPhoneSimulator = Release|iPhoneSimulator
	EndGlobalSection
	GlobalSection(ProjectConfigurationPlatforms) = postSolution
		{6B3A3C82-34A1-46C9-B52A-024F969FA2F6}.Debug|Any CPU.ActiveCfg = Debug|Any CPU
		{6B3A3C82-34A1-46C9-B52A-024F969FA2F6}.Debug|Any CPU.Build.0 = Debug|Any CPU
		{6B3A3C82-34A1-46C9-B52A-024F969FA2F6}.Debug|Any CPU.Deploy.0 = Debug|Any CPU
		{6B3A3C82-34A1-46C9-B52A-024F969FA2F6}.Debug|iPhone.ActiveCfg = Debug|Any CPU
		{6B3A3C82-34A1-46C9-B52A-024F969FA2F6}.Debug|iPhone.Build.0 = Debug|Any CPU
		{6B3A3C82-34A1-46C9-B52A-024F969FA2F6}.Debug|iPhone.Deploy.0 = Debug|Any CPU
		{6B3A3C82-34A1-46C9-B52A-024F969FA2F6}.Debug|iPhoneSimulator.ActiveCfg = Debug|Any CPU
		{6B3A3C82-34A1-46C9-B52A-024F969FA2F6}.Debug|iPhoneSimulator.Build.0 = Debug|Any CPU
		{6B3A3C82-34A1-46C9-B52A-024F969FA2F6}.Debug|iPhoneSimulator.Deploy.0 = Debug|Any CPU
		{6B3A3C82-34A1-46C9-B52A-024F969FA2F6}.Release|Any CPU.ActiveCfg = Release|Any CPU
		{6B3A3C82-34A1-46C9-B52A-024F969FA2F6}.Release|Any CPU.Build.0 = Release|Any CPU
		{6B3A3C82-34A1-46C9-B52A-024F969FA2F6}.Release|Any CPU.Deploy.0 = Release|Any CPU
		{6B3A3C82-34A1-46C9-B52A-024F969FA2F6}.Release|iPhone.ActiveCfg = Release|Any CPU
		{6B3A3C82-34A1-46C9-B52A-024F969FA2F6}.Release|iPhone.Build.0 = Release|Any CPU
		{6B3A3C82-34A1-46C9-B52A-024F969FA2F6}.Release|iPhone.Deploy.0 = Release|Any CPU
		{6B3A3C82-34A1-46C9-B52A-024F969FA2F6}.Release|iPhoneSimulator.ActiveCfg = Release|Any CPU
		{6B3A3C82-34A1-46C9-B52A-024F969FA2F6}.Release|iPhoneSimulator.Build.0 = Release|Any CPU
		{6B3A3C82-34A1-46C9-B52A-024F969FA2F6}.Release|iPhoneSimulator.Deploy.0 = Release|Any CPU
		{30613929-FCD5-4493-90ED-F955E519BB0C}.Debug|Any CPU.ActiveCfg = Debug|iPhone
		{30613929-FCD5-4493-90ED-F955E519BB0C}.Debug|Any CPU.Build.0 = Debug|iPhone
		{30613929-FCD5-4493-90ED-F955E519BB0C}.Debug|Any CPU.Deploy.0 = Debug|iPhone
		{30613929-FCD5-4493-90ED-F955E519BB0C}.Debug|iPhone.ActiveCfg = Debug|iPhone
		{30613929-FCD5-4493-90ED-F955E519BB0C}.Debug|iPhone.Build.0 = Debug|iPhone
		{30613929-FCD5-4493-90ED-F955E519BB0C}.Debug|iPhone.Deploy.0 = Debug|iPhone
		{30613929-FCD5-4493-90ED-F955E519BB0C}.Debug|iPhoneSimulator.ActiveCfg = Debug|iPhoneSimulator
		{30613929-FCD5-4493-90ED-F955E519BB0C}.Debug|iPhoneSimulator.Build.0 = Debug|iPhoneSimulator
		{30613929-FCD5-4493-90ED-F955E519BB0C}.Debug|iPhoneSimulator.Deploy.0 = Debug|iPhoneSimulator
		{30613929-FCD5-4493-90ED-F955E519BB0C}.Release|Any CPU.ActiveCfg = Release|iPhoneSimulator
		{30613929-FCD5-4493-90ED-F955E519BB0C}.Release|Any CPU.Build.0 = Release|iPhoneSimulator
		{30613929-FCD5-4493-90ED-F955E519BB0C}.Release|Any CPU.Deploy.0 = Release|iPhoneSimulator
		{30613929-FCD5-4493-90ED-F955E519BB0C}.Release|iPhone.ActiveCfg = Release|iPhone
		{30613929-FCD5-4493-90ED-F955E519BB0C}.Release|iPhone.Build.0 = Release|iPhone
		{30613929-FCD5-4493-90ED-F955E519BB0C}.Release|iPhone.Deploy.0 = Release|iPhone
		{30613929-FCD5-4493-90ED-F955E519BB0C}.Release|iPhoneSimulator.ActiveCfg = Release|iPhoneSimulator
		{30613929-FCD5-4493-90ED-F955E519BB0C}.Release|iPhoneSimulator.Build.0 = Release|iPhoneSimulator
		{30613929-FCD5-4493-90ED-F955E519BB0C}.Release|iPhoneSimulator.Deploy.0 = Release|iPhoneSimulator
		{1A33BF3A-DC56-4652-A00B-20D5F1B3F31C}.Debug|Any CPU.ActiveCfg = Debug|Any CPU
		{1A33BF3A-DC56-4652-A00B-20D5F1B3F31C}.Debug|Any CPU.Build.0 = Debug|Any CPU
		{1A33BF3A-DC56-4652-A00B-20D5F1B3F31C}.Debug|Any CPU.Deploy.0 = Debug|Any CPU
		{1A33BF3A-DC56-4652-A00B-20D5F1B3F31C}.Debug|iPhone.ActiveCfg = Debug|Any CPU
		{1A33BF3A-DC56-4652-A00B-20D5F1B3F31C}.Debug|iPhone.Build.0 = Debug|Any CPU
		{1A33BF3A-DC56-4652-A00B-20D5F1B3F31C}.Debug|iPhone.Deploy.0 = Debug|Any CPU
		{1A33BF3A-DC56-4652-A00B-20D5F1B3F31C}.Debug|iPhoneSimulator.ActiveCfg = Debug|Any CPU
		{1A33BF3A-DC56-4652-A00B-20D5F1B3F31C}.Debug|iPhoneSimulator.Build.0 = Debug|Any CPU
		{1A33BF3A-DC56-4652-A00B-20D5F1B3F31C}.Debug|iPhoneSimulator.Deploy.0 = Debug|Any CPU
		{1A33BF3A-DC56-4652-A00B-20D5F1B3F31C}.Release|Any CPU.ActiveCfg = Release|Any CPU
		{1A33BF3A-DC56-4652-A00B-20D5F1B3F31C}.Release|Any CPU.Build.0 = Release|Any CPU
		{1A33BF3A-DC56-4652-A00B-20D5F1B3F31C}.Release|Any CPU.Deploy.0 = Release|Any CPU
		{1A33BF3A-DC56-4652-A00B-20D5F1B3F31C}.Release|iPhone.ActiveCfg = Release|Any CPU
		{1A33BF3A-DC56-4652-A00B-20D5F1B3F31C}.Release|iPhone.Build.0 = Release|Any CPU
		{1A33BF3A-DC56-4652-A00B-20D5F1B3F31C}.Release|iPhone.Deploy.0 = Release|Any CPU
		{1A33BF3A-DC56-4652-A00B-20D5F1B3F31C}.Release|iPhoneSimulator.ActiveCfg = Release|Any CPU
		{1A33BF3A-DC56-4652-A00B-20D5F1B3F31C}.Release|iPhoneSimulator.Build.0 = Release|Any CPU
		{1A33BF3A-DC56-4652-A00B-20D5F1B3F31C}.Release|iPhoneSimulator.Deploy.0 = Release|Any CPU
	EndGlobalSection
	GlobalSection(SolutionProperties) = preSolution
		HideSolutionNode = FALSE
	EndGlobalSection
	GlobalSection(ExtensibilityGlobals) = postSolution
		SolutionGuid = {1907547C-7ADE-41AB-B269-8672125C42C8}
	EndGlobalSection
EndGlobal
